
Microsoft Visual Studio Solution File, Format Version 12.00
# Visual Studio Version 16
VisualStudioVersion = 16.0.31205.134
MinimumVisualStudioVersion = 10.0.40219.1
Project("{FAE04EC0-301F-11D3-BF4B-00C04F79EFBC}") = "ModelingSimplestFlows", "ModelingSimplestFlows\ModelingSimplestFlows.csproj", "{237BE24A-CBDE-460D-A4C6-BA1A860C4244}"
EndProject
Global
	GlobalSection(SolutionConfigurationPlatforms) = preSolution
		Debug|Any CPU = Debug|Any CPU
		Release|Any CPU = Release|Any CPU
	EndGlobalSection
	GlobalSection(ProjectConfigurationPlatforms) = postSolution
		{237BE24A-CBDE-460D-A4C6-BA1A860C4244}.Debug|Any CPU.ActiveCfg = Debug|Any CPU
		{237BE24A-CBDE-460D-A4C6-BA1A860C4244}.Debug|Any CPU.Build.0 = Debug|Any CPU
		{237BE24A-CBDE-460D-A4C6-BA1A860C4244}.Release|Any CPU.ActiveCfg = Release|Any CPU
		{237BE24A-CBDE-460D-A4C6-BA1A860C4244}.Release|Any CPU.Build.0 = Release|Any CPU
	EndGlobalSection
	GlobalSection(SolutionProperties) = preSolution
		HideSolutionNode = FALSE
	EndGlobalSection
	GlobalSection(ExtensibilityGlobals) = postSolution
		SolutionGuid = {0F5AC06B-62CF-4277-A797-45ED30DAD294}
	EndGlobalSection
EndGlobal
